
Microsoft Visual Studio Solution File, Format Version 12.00
# Visual Studio Version 17
VisualStudioVersion = 17.7.34009.444
MinimumVisualStudioVersion = 10.0.40219.1
Project("{e3a6c5ac-76c0-607f-c940-d1b6108b1b91}") = "Cme.Mdp3.v12.csproj", "Cme.Mdp3.v12.csproj", "{cfcafba0-bb81-9f56-8fb9-c22ad7a30ee7}"
EndProject
Global
	GlobalSection(SolutionConfigurationPlatforms) = preSolution
		Debug|Any CPU = Debug|Any CPU
		Release|Any CPU = Release|Any CPU
	EndGlobalSection
	GlobalSection(ProjectConfigurationPlatforms) = postSolution
		{cfcafba0-bb81-9f56-8fb9-c22ad7a30ee7}.Debug|Any CPU.ActiveCfg = Debug|Any CPU
		{cfcafba0-bb81-9f56-8fb9-c22ad7a30ee7}.Debug|Any CPU.Build.0 = Debug|Any CPU
		{cfcafba0-bb81-9f56-8fb9-c22ad7a30ee7}.Release|Any CPU.ActiveCfg = Release|Any CPU
		{cfcafba0-bb81-9f56-8fb9-c22ad7a30ee7}.Release|Any CPU.Build.0 = Release|Any CPU
	EndGlobalSection
	GlobalSection(SolutionProperties) = preSolution
		HideSolutionNode = FALSE
	EndGlobalSection
	GlobalSection(ExtensibilityGlobals) = postSolution
		SolutionGuid = {7e924e8a-dc86-b094-d3e1-8dd5bd9f3dd8}
	EndGlobalSection
EndGlobal

