
Microsoft Visual Studio Solution File, Format Version 12.00
# Visual Studio Version 17
VisualStudioVersion = 17.7.34009.444
MinimumVisualStudioVersion = 10.0.40219.1
Project("{755139d1-7487-f1be-1525-23685267b814}") = "Cme.Sbe", "Ice.iMpact.csproj", "{e581545f-ff1e-696d-d22b-1b1fd1adb2f0}"
EndProject
Global
	GlobalSection(SolutionConfigurationPlatforms) = preSolution
		Debug|Any CPU = Debug|Any CPU
		Release|Any CPU = Release|Any CPU
	EndGlobalSection
	GlobalSection(ProjectConfigurationPlatforms) = postSolution
		{e581545f-ff1e-696d-d22b-1b1fd1adb2f0}.Debug|Any CPU.ActiveCfg = Debug|Any CPU
		{e581545f-ff1e-696d-d22b-1b1fd1adb2f0}.Debug|Any CPU.Build.0 = Debug|Any CPU
		{e581545f-ff1e-696d-d22b-1b1fd1adb2f0}.Release|Any CPU.ActiveCfg = Release|Any CPU
		{e581545f-ff1e-696d-d22b-1b1fd1adb2f0}.Release|Any CPU.Build.0 = Release|Any CPU
	EndGlobalSection
	GlobalSection(SolutionProperties) = preSolution
		HideSolutionNode = FALSE
	EndGlobalSection
	GlobalSection(ExtensibilityGlobals) = postSolution
		SolutionGuid = {D3D8DBFE-A9A6-49D1-AE61-F31C5E2F2802}
	EndGlobalSection
EndGlobal

