
Microsoft Visual Studio Solution File, Format Version 12.00
# Visual Studio Version 17
VisualStudioVersion = 17.7.34009.444
MinimumVisualStudioVersion = 10.0.40219.1
Project("{465bacb5-7fa6-aa4d-331e-0a04361fd96c}") = "Nyse.BinaryGateway.v3.15.csproj", "Nyse.BinaryGateway.v3.15.csproj", "{7fe59094-092e-38cb-205c-b3912c22a800}"
EndProject
Global
	GlobalSection(SolutionConfigurationPlatforms) = preSolution
		Debug|Any CPU = Debug|Any CPU
		Release|Any CPU = Release|Any CPU
	EndGlobalSection
	GlobalSection(ProjectConfigurationPlatforms) = postSolution
		{7fe59094-092e-38cb-205c-b3912c22a800}.Debug|Any CPU.ActiveCfg = Debug|Any CPU
		{7fe59094-092e-38cb-205c-b3912c22a800}.Debug|Any CPU.Build.0 = Debug|Any CPU
		{7fe59094-092e-38cb-205c-b3912c22a800}.Release|Any CPU.ActiveCfg = Release|Any CPU
		{7fe59094-092e-38cb-205c-b3912c22a800}.Release|Any CPU.Build.0 = Release|Any CPU
	EndGlobalSection
	GlobalSection(SolutionProperties) = preSolution
		HideSolutionNode = FALSE
	EndGlobalSection
	GlobalSection(ExtensibilityGlobals) = postSolution
		SolutionGuid = {87443693-fede-4ddc-4a84-ad8e55590899}
	EndGlobalSection
EndGlobal

