
Microsoft Visual Studio Solution File, Format Version 12.00
# Visual Studio Version 17
VisualStudioVersion = 17.7.34009.444
MinimumVisualStudioVersion = 10.0.40219.1
Project("{16caca4e-0ed0-3b5e-2f01-9dd9f8c94a77}") = "Nasdaq.TotalView.v5.0.csproj", "Nasdaq.TotalView.v5.0.csproj", "{471072cc-7464-5493-985b-942497576cb6}"
EndProject
Global
	GlobalSection(SolutionConfigurationPlatforms) = preSolution
		Debug|Any CPU = Debug|Any CPU
		Release|Any CPU = Release|Any CPU
	EndGlobalSection
	GlobalSection(ProjectConfigurationPlatforms) = postSolution
		{471072cc-7464-5493-985b-942497576cb6}.Debug|Any CPU.ActiveCfg = Debug|Any CPU
		{471072cc-7464-5493-985b-942497576cb6}.Debug|Any CPU.Build.0 = Debug|Any CPU
		{471072cc-7464-5493-985b-942497576cb6}.Release|Any CPU.ActiveCfg = Release|Any CPU
		{471072cc-7464-5493-985b-942497576cb6}.Release|Any CPU.Build.0 = Release|Any CPU
	EndGlobalSection
	GlobalSection(SolutionProperties) = preSolution
		HideSolutionNode = FALSE
	EndGlobalSection
	GlobalSection(ExtensibilityGlobals) = postSolution
		SolutionGuid = {7f8da0f4-7895-7b40-bc2d-8f7b78cf1c32}
	EndGlobalSection
EndGlobal

