
Microsoft Visual Studio Solution File, Format Version 12.00
# Visual Studio Version 17
VisualStudioVersion = 17.7.34009.444
MinimumVisualStudioVersion = 10.0.40219.1
Project("{0fc52aa9-14c4-4558-68ca-61e53b4d361e}") = "Iex.Tops.v1.6.6.csproj", "Iex.Tops.v1.6.6.csproj", "{50cc71b2-2e13-0f60-e78d-4d8a40d7e61d}"
EndProject
Global
	GlobalSection(SolutionConfigurationPlatforms) = preSolution
		Debug|Any CPU = Debug|Any CPU
		Release|Any CPU = Release|Any CPU
	EndGlobalSection
	GlobalSection(ProjectConfigurationPlatforms) = postSolution
		{50cc71b2-2e13-0f60-e78d-4d8a40d7e61d}.Debug|Any CPU.ActiveCfg = Debug|Any CPU
		{50cc71b2-2e13-0f60-e78d-4d8a40d7e61d}.Debug|Any CPU.Build.0 = Debug|Any CPU
		{50cc71b2-2e13-0f60-e78d-4d8a40d7e61d}.Release|Any CPU.ActiveCfg = Release|Any CPU
		{50cc71b2-2e13-0f60-e78d-4d8a40d7e61d}.Release|Any CPU.Build.0 = Release|Any CPU
	EndGlobalSection
	GlobalSection(SolutionProperties) = preSolution
		HideSolutionNode = FALSE
	EndGlobalSection
	GlobalSection(ExtensibilityGlobals) = postSolution
		SolutionGuid = {ce5f9e63-7416-044a-d60d-4e83aed39a5e}
	EndGlobalSection
EndGlobal

