
Microsoft Visual Studio Solution File, Format Version 12.00
# Visual Studio Version 17
VisualStudioVersion = 17.7.34009.444
MinimumVisualStudioVersion = 10.0.40219.1
Project("{3c33e4a9-b71a-d595-cae1-8e752e05a053}") = "Eurex.Eobi.v11.1.csproj", "Eurex.Eobi.v11.1.csproj", "{2e1fc857-4d2a-f20c-6478-108be1cd0a28}"
EndProject
Global
	GlobalSection(SolutionConfigurationPlatforms) = preSolution
		Debug|Any CPU = Debug|Any CPU
		Release|Any CPU = Release|Any CPU
	EndGlobalSection
	GlobalSection(ProjectConfigurationPlatforms) = postSolution
		{2e1fc857-4d2a-f20c-6478-108be1cd0a28}.Debug|Any CPU.ActiveCfg = Debug|Any CPU
		{2e1fc857-4d2a-f20c-6478-108be1cd0a28}.Debug|Any CPU.Build.0 = Debug|Any CPU
		{2e1fc857-4d2a-f20c-6478-108be1cd0a28}.Release|Any CPU.ActiveCfg = Release|Any CPU
		{2e1fc857-4d2a-f20c-6478-108be1cd0a28}.Release|Any CPU.Build.0 = Release|Any CPU
	EndGlobalSection
	GlobalSection(SolutionProperties) = preSolution
		HideSolutionNode = FALSE
	EndGlobalSection
	GlobalSection(ExtensibilityGlobals) = postSolution
		SolutionGuid = {8eec4476-5579-c4a1-7aa7-9efda142cfc3}
	EndGlobalSection
EndGlobal

